
Microsoft Visual Studio Solution File, Format Version 12.00
# Visual Studio Version 17
VisualStudioVersion = 17.7.34202.233
MinimumVisualStudioVersion = 10.0.40219.1
Project("{2150E333-8FDC-42A3-9474-1A3956D46DE8}") = "Docs", "Docs", "{AA380BC9-BBD1-4331-BBF3-0C7B508D1740}"
	ProjectSection(SolutionItems) = preProject
		LICENSE.txt = LICENSE.txt
		README.md = README.md
	EndProjectSection
EndProject
Project("{2150E333-8FDC-42A3-9474-1A3956D46DE8}") = "Examples", "Examples", "{74E9E7D1-1825-4AE5-BD35-CB94631EB6A4}"
EndProject
Project("{2150E333-8FDC-42A3-9474-1A3956D46DE8}") = "Chat", "Chat", "{FF241911-B360-4588-94C1-127E38F6A875}"
EndProject
Project("{9A19103F-16F7-4668-BE54-9A1E7A4F7556}") = "Server", "Examples\Chat\Server\Server.csproj", "{F57520C9-3BE8-404C-97C8-5BF3D7ED2DBC}"
EndProject
Project("{9A19103F-16F7-4668-BE54-9A1E7A4F7556}") = "Protocol", "Examples\Chat\Protocol\Protocol.csproj", "{4BE70282-4575-46E5-A2B2-3149C3F23391}"
EndProject
Project("{9A19103F-16F7-4668-BE54-9A1E7A4F7556}") = "PointToPoint", "PointToPoint\PointToPoint.csproj", "{5B403F0F-15C8-48AB-9F3F-52908595F6B8}"
EndProject
Project("{9A19103F-16F7-4668-BE54-9A1E7A4F7556}") = "PointToPointTests", "PointToPointTests\PointToPointTests.csproj", "{39DF8053-1F13-4D8D-8B10-3D99509058D3}"
EndProject
Project("{9A19103F-16F7-4668-BE54-9A1E7A4F7556}") = "ClientAvalonia", "Examples\Chat\ClientAvalonia\ClientAvalonia.csproj", "{8E61A6E5-1EF1-402B-986A-4F1118B14E14}"
EndProject
Project("{9A19103F-16F7-4668-BE54-9A1E7A4F7556}") = "ClientAvalonia.Desktop", "Examples\Chat\ClientAvalonia.Desktop\ClientAvalonia.Desktop.csproj", "{1E1224A6-A9D8-4AA1-8835-D98CAF9144C3}"
EndProject
Global
	GlobalSection(SolutionConfigurationPlatforms) = preSolution
		Debug|Any CPU = Debug|Any CPU
		Release|Any CPU = Release|Any CPU
	EndGlobalSection
	GlobalSection(ProjectConfigurationPlatforms) = postSolution
		{F57520C9-3BE8-404C-97C8-5BF3D7ED2DBC}.Debug|Any CPU.ActiveCfg = Debug|Any CPU
		{F57520C9-3BE8-404C-97C8-5BF3D7ED2DBC}.Debug|Any CPU.Build.0 = Debug|Any CPU
		{F57520C9-3BE8-404C-97C8-5BF3D7ED2DBC}.Release|Any CPU.ActiveCfg = Release|Any CPU
		{F57520C9-3BE8-404C-97C8-5BF3D7ED2DBC}.Release|Any CPU.Build.0 = Release|Any CPU
		{4BE70282-4575-46E5-A2B2-3149C3F23391}.Debug|Any CPU.ActiveCfg = Debug|Any CPU
		{4BE70282-4575-46E5-A2B2-3149C3F23391}.Debug|Any CPU.Build.0 = Debug|Any CPU
		{4BE70282-4575-46E5-A2B2-3149C3F23391}.Release|Any CPU.ActiveCfg = Release|Any CPU
		{4BE70282-4575-46E5-A2B2-3149C3F23391}.Release|Any CPU.Build.0 = Release|Any CPU
		{5B403F0F-15C8-48AB-9F3F-52908595F6B8}.Debug|Any CPU.ActiveCfg = Debug|Any CPU
		{5B403F0F-15C8-48AB-9F3F-52908595F6B8}.Debug|Any CPU.Build.0 = Debug|Any CPU
		{5B403F0F-15C8-48AB-9F3F-52908595F6B8}.Release|Any CPU.ActiveCfg = Release|Any CPU
		{5B403F0F-15C8-48AB-9F3F-52908595F6B8}.Release|Any CPU.Build.0 = Release|Any CPU
		{39DF8053-1F13-4D8D-8B10-3D99509058D3}.Debug|Any CPU.ActiveCfg = Debug|Any CPU
		{39DF8053-1F13-4D8D-8B10-3D99509058D3}.Debug|Any CPU.Build.0 = Debug|Any CPU
		{39DF8053-1F13-4D8D-8B10-3D99509058D3}.Release|Any CPU.ActiveCfg = Release|Any CPU
		{39DF8053-1F13-4D8D-8B10-3D99509058D3}.Release|Any CPU.Build.0 = Release|Any CPU
		{8E61A6E5-1EF1-402B-986A-4F1118B14E14}.Debug|Any CPU.ActiveCfg = Debug|Any CPU
		{8E61A6E5-1EF1-402B-986A-4F1118B14E14}.Debug|Any CPU.Build.0 = Debug|Any CPU
		{8E61A6E5-1EF1-402B-986A-4F1118B14E14}.Release|Any CPU.ActiveCfg = Release|Any CPU
		{8E61A6E5-1EF1-402B-986A-4F1118B14E14}.Release|Any CPU.Build.0 = Release|Any CPU
		{1E1224A6-A9D8-4AA1-8835-D98CAF9144C3}.Debug|Any CPU.ActiveCfg = Debug|Any CPU
		{1E1224A6-A9D8-4AA1-8835-D98CAF9144C3}.Debug|Any CPU.Build.0 = Debug|Any CPU
		{1E1224A6-A9D8-4AA1-8835-D98CAF9144C3}.Release|Any CPU.ActiveCfg = Release|Any CPU
		{1E1224A6-A9D8-4AA1-8835-D98CAF9144C3}.Release|Any CPU.Build.0 = Release|Any CPU
	EndGlobalSection
	GlobalSection(SolutionProperties) = preSolution
		HideSolutionNode = FALSE
	EndGlobalSection
	GlobalSection(NestedProjects) = preSolution
		{FF241911-B360-4588-94C1-127E38F6A875} = {74E9E7D1-1825-4AE5-BD35-CB94631EB6A4}
		{F57520C9-3BE8-404C-97C8-5BF3D7ED2DBC} = {FF241911-B360-4588-94C1-127E38F6A875}
		{4BE70282-4575-46E5-A2B2-3149C3F23391} = {FF241911-B360-4588-94C1-127E38F6A875}
		{8E61A6E5-1EF1-402B-986A-4F1118B14E14} = {FF241911-B360-4588-94C1-127E38F6A875}
		{1E1224A6-A9D8-4AA1-8835-D98CAF9144C3} = {FF241911-B360-4588-94C1-127E38F6A875}
	EndGlobalSection
	GlobalSection(ExtensibilityGlobals) = postSolution
		SolutionGuid = {42F0FED8-6BDD-441E-B3D1-E807CBCEFEB7}
	EndGlobalSection
EndGlobal
